// !$*UTF8*$!
{
	archiveVersion = 1;
	classes = {
	};
	objectVersion = 50;
	objects = {

/* Begin PBXBuildFile section */
		3FF0AC8D233FD2CD00F43F66 /* AppDelegate.swift in Sources */ = {isa = PBXBuildFile; fileRef = 3FF0AC8C233FD2CD00F43F66 /* AppDelegate.swift */; };
		3FF0AC8F233FD2CD00F43F66 /* SceneDelegate.swift in Sources */ = {isa = PBXBuildFile; fileRef = 3FF0AC8E233FD2CD00F43F66 /* SceneDelegate.swift */; };
		3FF0AC91233FD2CD00F43F66 /* ViewController.swift in Sources */ = {isa = PBXBuildFile; fileRef = 3FF0AC90233FD2CD00F43F66 /* ViewController.swift */; };
		3FF0AC94233FD2CD00F43F66 /* Main.storyboard in Resources */ = {isa = PBXBuildFile; fileRef = 3FF0AC92233FD2CD00F43F66 /* Main.storyboard */; };
		3FF0AC96233FD2CE00F43F66 /* Assets.xcassets in Resources */ = {isa = PBXBuildFile; fileRef = 3FF0AC95233FD2CE00F43F66 /* Assets.xcassets */; };
		3FF0AC99233FD2CE00F43F66 /* LaunchScreen.storyboard in Resources */ = {isa = PBXBuildFile; fileRef = 3FF0AC97233FD2CE00F43F66 /* LaunchScreen.storyboard */; };
		AC3D0DA7950F5BA84AE7E203 /* Pods_FlyOver.framework in Frameworks */ = {isa = PBXBuildFile; fileRef = 337E23E6B4C952590B04ED80 /* Pods_FlyOver.framework */; };
/* End PBXBuildFile section */

/* Begin PBXFileReference section */
		2A70C77EEA788C3ADF0F6EB4 /* Pods-FlyOver.release.xcconfig */ = {isa = PBXFileReference; includeInIndex = 1; lastKnownFileType = text.xcconfig; name = "Pods-FlyOver.release.xcconfig"; path = "Target Support Files/Pods-FlyOver/Pods-FlyOver.release.xcconfig"; sourceTree = "<group>"; };
		337E23E6B4C952590B04ED80 /* Pods_FlyOver.framework */ = {isa = PBXFileReference; explicitFileType = wrapper.framework; includeInIndex = 0; path = Pods_FlyOver.framework; sourceTree = BUILT_PRODUCTS_DIR; };
		3882572DD2E07496EFEA763C /* Pods-FlyOver.debug.xcconfig */ = {isa = PBXFileReference; includeInIndex = 1; lastKnownFileType = text.xcconfig; name = "Pods-FlyOver.debug.xcconfig"; path = "Target Support Files/Pods-FlyOver/Pods-FlyOver.debug.xcconfig"; sourceTree = "<group>"; };
		3FF0AC89233FD2CD00F43F66 /* FlyOver.app */ = {isa = PBXFileReference; explicitFileType = wrapper.application; includeInIndex = 0; path = FlyOver.app; sourceTree = BUILT_PRODUCTS_DIR; };
		3FF0AC8C233FD2CD00F43F66 /* AppDelegate.swift */ = {isa = PBXFileReference; lastKnownFileType = sourcecode.swift; path = AppDelegate.swift; sourceTree = "<group>"; };
		3FF0AC8E233FD2CD00F43F66 /* SceneDelegate.swift */ = {isa = PBXFileReference; lastKnownFileType = sourcecode.swift; path = SceneDelegate.swift; sourceTree = "<group>"; };
		3FF0AC90233FD2CD00F43F66 /* ViewController.swift */ = {isa = PBXFileReference; lastKnownFileType = sourcecode.swift; path = ViewController.swift; sourceTree = "<group>"; };
		3FF0AC93233FD2CD00F43F66 /* Base */ = {isa = PBXFileReference; lastKnownFileType = file.storyboard; name = Base; path = Base.lproj/Main.storyboard; sourceTree = "<group>"; };
		3FF0AC95233FD2CE00F43F66 /* Assets.xcassets */ = {isa = PBXFileReference; lastKnownFileType = folder.assetcatalog; path = Assets.xcassets; sourceTree = "<group>"; };
		3FF0AC98233FD2CE00F43F66 /* Base */ = {isa = PBXFileReference; lastKnownFileType = file.storyboard; name = Base; path = Base.lproj/LaunchScreen.storyboard; sourceTree = "<group>"; };
		3FF0AC9A233FD2CE00F43F66 /* Info.plist */ = {isa = PBXFileReference; lastKnownFileType = text.plist.xml; path = Info.plist; sourceTree = "<group>"; };
/* End PBXFileReference section */

/* Begin PBXFrameworksBuildPhase section */
		3FF0AC86233FD2CD00F43F66 /* Frameworks */ = {
			isa = PBXFrameworksBuildPhase;
			buildActionMask = 2147483647;
			files = (
				AC3D0DA7950F5BA84AE7E203 /* Pods_FlyOver.framework in Frameworks */,
			);
			runOnlyForDeploymentPostprocessing = 0;
		};
/* End PBXFrameworksBuildPhase section */

/* Begin PBXGroup section */
		0C72EB2AB9F777C1E02A0138 /* Frameworks */ = {
			isa = PBXGroup;
			children = (
				337E23E6B4C952590B04ED80 /* Pods_FlyOver.framework */,
			);
			name = Frameworks;
			sourceTree = "<group>";
		};
		1284D0700A6A13462550D6D3 /* Pods */ = {
			isa = PBXGroup;
			children = (
				3882572DD2E07496EFEA763C /* Pods-FlyOver.debug.xcconfig */,
				2A70C77EEA788C3ADF0F6EB4 /* Pods-FlyOver.release.xcconfig */,
			);
			name = Pods;
			path = Pods;
			sourceTree = "<group>";
		};
		3FF0AC80233FD2CD00F43F66 = {
			isa = PBXGroup;
			children = (
				3FF0AC8B233FD2CD00F43F66 /* FlyOver */,
				3FF0AC8A233FD2CD00F43F66 /* Products */,
				1284D0700A6A13462550D6D3 /* Pods */,
				0C72EB2AB9F777C1E02A0138 /* Frameworks */,
			);
			sourceTree = "<group>";
		};
		3FF0AC8A233FD2CD00F43F66 /* Products */ = {
			isa = PBXGroup;
			children = (
				3FF0AC89233FD2CD00F43F66 /* FlyOver.app */,
			);
			name = Products;
			sourceTree = "<group>";
		};
		3FF0AC8B233FD2CD00F43F66 /* FlyOver */ = {
			isa = PBXGroup;
			children = (
				3FF0AC8C233FD2CD00F43F66 /* AppDelegate.swift */,
				3FF0AC8E233FD2CD00F43F66 /* SceneDelegate.swift */,
				3FF0AC90233FD2CD00F43F66 /* ViewController.swift */,
				3FF0AC92233FD2CD00F43F66 /* Main.storyboard */,
				3FF0AC95233FD2CE00F43F66 /* Assets.xcassets */,
				3FF0AC97233FD2CE00F43F66 /* LaunchScreen.storyboard */,
				3FF0AC9A233FD2CE00F43F66 /* Info.plist */,
			);
			path = FlyOver;
			sourceTree = "<group>";
		};
/* End PBXGroup section */

/* Begin PBXNativeTarget section */
		3FF0AC88233FD2CD00F43F66 /* FlyOver */ = {
			isa = PBXNativeTarget;
			buildConfigurationList = 3FF0AC9D233FD2CE00F43F66 /* Build configuration list for PBXNativeTarget "FlyOver" */;
			buildPhases = (
				1ABCC94B3694038C5307BD0D /* [CP] Check Pods Manifest.lock */,
				3FF0AC85233FD2CD00F43F66 /* Sources */,
				3FF0AC86233FD2CD00F43F66 /* Frameworks */,
				3FF0AC87233FD2CD00F43F66 /* Resources */,
				5C150848B47B7ECE05F40429 /* [CP] Embed Pods Frameworks */,
			);
			buildRules = (
			);
			dependencies = (
			);
			name = FlyOver;
			productName = FlyOver;
			productReference = 3FF0AC89233FD2CD00F43F66 /* FlyOver.app */;
			productType = "com.apple.product-type.application";
		};
/* End PBXNativeTarget section */

/* Begin PBXProject section */
		3FF0AC81233FD2CD00F43F66 /* Project object */ = {
			isa = PBXProject;
			attributes = {
				LastSwiftUpdateCheck = 1100;
				LastUpgradeCheck = 1100;
				ORGANIZATIONNAME = Student;
				TargetAttributes = {
					3FF0AC88233FD2CD00F43F66 = {
						CreatedOnToolsVersion = 11.0;
					};
				};
			};
			buildConfigurationList = 3FF0AC84233FD2CD00F43F66 /* Build configuration list for PBXProject "FlyOver" */;
			compatibilityVersion = "Xcode 9.3";
			developmentRegion = en;
			hasScannedForEncodings = 0;
			knownRegions = (
				en,
				Base,
			);
			mainGroup = 3FF0AC80233FD2CD00F43F66;
			productRefGroup = 3FF0AC8A233FD2CD00F43F66 /* Products */;
			projectDirPath = "";
			projectRoot = "";
			targets = (
				3FF0AC88233FD2CD00F43F66 /* FlyOver */,
			);
		};
/* End PBXProject section */

/* Begin PBXResourcesBuildPhase section */
		3FF0AC87233FD2CD00F43F66 /* Resources */ = {
			isa = PBXResourcesBuildPhase;
			buildActionMask = 2147483647;
			files = (
				3FF0AC99233FD2CE00F43F66 /* LaunchScreen.storyboard in Resources */,
				3FF0AC96233FD2CE00F43F66 /* Assets.xcassets in Resources */,
				3FF0AC94233FD2CD00F43F66 /* Main.storyboard in Resources */,
			);
			runOnlyForDeploymentPostprocessing = 0;
		};
/* End PBXResourcesBuildPhase section */

/* Begin PBXShellScriptBuildPhase section */
		1ABCC94B3694038C5307BD0D /* [CP] Check Pods Manifest.lock */ = {
			isa = PBXShellScriptBuildPhase;
			buildActionMask = 2147483647;
			files = (
			);
			inputFileListPaths = (
			);
			inputPaths = (
				"${PODS_PODFILE_DIR_PATH}/Podfile.lock",
				"${PODS_ROOT}/Manifest.lock",
			);
			name = "[CP] Check Pods Manifest.lock";
			outputFileListPaths = (
			);
			outputPaths = (
				"$(DERIVED_FILE_DIR)/Pods-FlyOver-checkManifestLockResult.txt",
			);
			runOnlyForDeploymentPostprocessing = 0;
			shellPath = /bin/sh;
			shellScript = "diff \"${PODS_PODFILE_DIR_PATH}/Podfile.lock\" \"${PODS_ROOT}/Manifest.lock\" > /dev/null\nif [ $? != 0 ] ; then\n    # print error to STDERR\n    echo \"error: The sandbox is not in sync with the Podfile.lock. Run 'pod install' or update your CocoaPods installation.\" >&2\n    exit 1\nfi\n# This output is used by Xcode 'outputs' to avoid re-running this script phase.\necho \"SUCCESS\" > \"${SCRIPT_OUTPUT_FILE_0}\"\n";
			showEnvVarsInLog = 0;
		};
		5C150848B47B7ECE05F40429 /* [CP] Embed Pods Frameworks */ = {
			isa = PBXShellScriptBuildPhase;
			buildActionMask = 2147483647;
			files = (
			);
			inputFileListPaths = (
			);
			inputPaths = (
				"${PODS_ROOT}/Target Support Files/Pods-FlyOver/Pods-FlyOver-frameworks.sh",
				"${BUILT_PRODUCTS_DIR}/FlyoverKit/FlyoverKit.framework",
			);
			name = "[CP] Embed Pods Frameworks";
			outputFileListPaths = (
			);
			outputPaths = (
				"${TARGET_BUILD_DIR}/${FRAMEWORKS_FOLDER_PATH}/FlyoverKit.framework",
			);
			runOnlyForDeploymentPostprocessing = 0;
			shellPath = /bin/sh;
			shellScript = "\"${PODS_ROOT}/Target Support Files/Pods-FlyOver/Pods-FlyOver-frameworks.sh\"\n";
			showEnvVarsInLog = 0;
		};
/* End PBXShellScriptBuildPhase section */

/* Begin PBXSourcesBuildPhase section */
		3FF0AC85233FD2CD00F43F66 /* Sources */ = {
			isa = PBXSourcesBuildPhase;
			buildActionMask = 2147483647;
			files = (
				3FF0AC91233FD2CD00F43F66 /* ViewController.swift in Sources */,
				3FF0AC8D233FD2CD00F43F66 /* AppDelegate.swift in Sources */,
				3FF0AC8F233FD2CD00F43F66 /* SceneDelegate.swift in Sources */,
			);
			runOnlyForDeploymentPostprocessing = 0;
		};
/* End PBXSourcesBuildPhase section */

/* Begin PBXVariantGroup section */
		3FF0AC92233FD2CD00F43F66 /* Main.storyboard */ = {
			isa = PBXVariantGroup;
			children = (
				3FF0AC93233FD2CD00F43F66 /* Base */,
			);
			name = Main.storyboard;
			sourceTree = "<group>";
		};
		3FF0AC97233FD2CE00F43F66 /* LaunchScreen.storyboard */ = {
			isa = PBXVariantGroup;
			children = (
				3FF0AC98233FD2CE00F43F66 /* Base */,
			);
			name = LaunchScreen.storyboard;
			sourceTree = "<group>";
		};
/* End PBXVariantGroup section */

/* Begin XCBuildConfiguration section */
		3FF0AC9B233FD2CE00F43F66 /* Debug */ = {
			isa = XCBuildConfiguration;
			buildSettings = {
				ALWAYS_SEARCH_USER_PATHS = NO;
				CLANG_ANALYZER_NONNULL = YES;
				CLANG_ANALYZER_NUMBER_OBJECT_CONVERSION = YES_AGGRESSIVE;
				CLANG_CXX_LANGUAGE_STANDARD = "gnu++14";
				CLANG_CXX_LIBRARY = "libc++";
				CLANG_ENABLE_MODULES = YES;
				CLANG_ENABLE_OBJC_ARC = YES;
				CLANG_ENABLE_OBJC_WEAK = YES;
				CLANG_WARN_BLOCK_CAPTURE_AUTORELEASING = YES;
				CLANG_WARN_BOOL_CONVERSION = YES;
				CLANG_WARN_COMMA = YES;
				CLANG_WARN_CONSTANT_CONVERSION = YES;
				CLANG_WARN_DEPRECATED_OBJC_IMPLEMENTATIONS = YES;
				CLANG_WARN_DIRECT_OBJC_ISA_USAGE = YES_ERROR;
				CLANG_WARN_DOCUMENTATION_COMMENTS = YES;
				CLANG_WARN_EMPTY_BODY = YES;
				CLANG_WARN_ENUM_CONVERSION = YES;
				CLANG_WARN_INFINITE_RECURSION = YES;
				CLANG_WARN_INT_CONVERSION = YES;
				CLANG_WARN_NON_LITERAL_NULL_CONVERSION = YES;
				CLANG_WARN_OBJC_IMPLICIT_RETAIN_SELF = YES;
				CLANG_WARN_OBJC_LITERAL_CONVERSION = YES;
				CLANG_WARN_OBJC_ROOT_CLASS = YES_ERROR;
				CLANG_WARN_RANGE_LOOP_ANALYSIS = YES;
				CLANG_WARN_STRICT_PROTOTYPES = YES;
				CLANG_WARN_SUSPICIOUS_MOVE = YES;
				CLANG_WARN_UNGUARDED_AVAILABILITY = YES_AGGRESSIVE;
				CLANG_WARN_UNREACHABLE_CODE = YES;
				CLANG_WARN__DUPLICATE_METHOD_MATCH = YES;
				COPY_PHASE_STRIP = NO;
				DEBUG_INFORMATION_FORMAT = dwarf;
				ENABLE_STRICT_OBJC_MSGSEND = YES;
				ENABLE_TESTABILITY = YES;
				GCC_C_LANGUAGE_STANDARD = gnu11;
				GCC_DYNAMIC_NO_PIC = NO;
				GCC_NO_COMMON_BLOCKS = YES;
				GCC_OPTIMIZATION_LEVEL = 0;
				GCC_PREPROCESSOR_DEFINITIONS = (
					"DEBUG=1",
					"$(inherited)",
				);
				GCC_WARN_64_TO_32_BIT_CONVERSION = YES;
				GCC_WARN_ABOUT_RETURN_TYPE = YES_ERROR;
				GCC_WARN_UNDECLARED_SELECTOR = YES;
				GCC_WARN_UNINITIALIZED_AUTOS = YES_AGGRESSIVE;
				GCC_WARN_UNUSED_FUNCTION = YES;
				GCC_WARN_UNUSED_VARIABLE = YES;
				IPHONEOS_DEPLOYMENT_TARGET = 13.0;
				MTL_ENABLE_DEBUG_INFO = INCLUDE_SOURCE;
				MTL_FAST_MATH = YES;
				ONLY_ACTIVE_ARCH = YES;
				SDKROOT = iphoneos;
				SWIFT_ACTIVE_COMPILATION_CONDITIONS = DEBUG;
				SWIFT_OPTIMIZATION_LEVEL = "-Onone";
			};
			name = Debug;
		};
		3FF0AC9C233FD2CE00F43F66 /* Release */ = {
			isa = XCBuildConfiguration;
			buildSettings = {
				ALWAYS_SEARCH_USER_PATHS = NO;
				CLANG_ANALYZER_NONNULL = YES;
				CLANG_ANALYZER_NUMBER_OBJECT_CONVERSION = YES_AGGRESSIVE;
				CLANG_CXX_LANGUAGE_STANDARD = "gnu++14";
				CLANG_CXX_LIBRARY = "libc++";
				CLANG_ENABLE_MODULES = YES;
				CLANG_ENABLE_OBJC_ARC = YES;
				CLANG_ENABLE_OBJC_WEAK = YES;
				CLANG_WARN_BLOCK_CAPTURE_AUTORELEASING = YES;
				CLANG_WARN_BOOL_CONVERSION = YES;
				CLANG_WARN_COMMA = YES;
				CLANG_WARN_CONSTANT_CONVERSION = YES;
				CLANG_WARN_DEPRECATED_OBJC_IMPLEMENTATIONS = YES;
				CLANG_WARN_DIRECT_OBJC_ISA_USAGE = YES_ERROR;
				CLANG_WARN_DOCUMENTATION_COMMENTS = YES;
				CLANG_WARN_EMPTY_BODY = YES;
				CLANG_WARN_ENUM_CONVERSION = YES;
				CLANG_WARN_INFINITE_RECURSION = YES;
				CLANG_WARN_INT_CONVERSION = YES;
				CLANG_WARN_NON_LITERAL_NULL_CONVERSION = YES;
				CLANG_WARN_OBJC_IMPLICIT_RETAIN_SELF = YES;
				CLANG_WARN_OBJC_LITERAL_CONVERSION = YES;
				CLANG_WARN_OBJC_ROOT_CLASS = YES_ERROR;
				CLANG_WARN_RANGE_LOOP_ANALYSIS = YES;
				CLANG_WARN_STRICT_PROTOTYPES = YES;
				CLANG_WARN_SUSPICIOUS_MOVE = YES;
				CLANG_WARN_UNGUARDED_AVAILABILITY = YES_AGGRESSIVE;
				CLANG_WARN_UNREACHABLE_CODE = YES;
				CLANG_WARN__DUPLICATE_METHOD_MATCH = YES;
				COPY_PHASE_STRIP = NO;
				DEBUG_INFORMATION_FORMAT = "dwarf-with-dsym";
				ENABLE_NS_ASSERTIONS = NO;
				ENABLE_STRICT_OBJC_MSGSEND = YES;
				GCC_C_LANGUAGE_STANDARD = gnu11;
				GCC_NO_COMMON_BLOCKS = YES;
				GCC_WARN_64_TO_32_BIT_CONVERSION = YES;
				GCC_WARN_ABOUT_RETURN_TYPE = YES_ERROR;
				GCC_WARN_UNDECLARED_SELECTOR = YES;
				GCC_WARN_UNINITIALIZED_AUTOS = YES_AGGRESSIVE;
				GCC_WARN_UNUSED_FUNCTION = YES;
				GCC_WARN_UNUSED_VARIABLE = YES;
				IPHONEOS_DEPLOYMENT_TARGET = 13.0;
				MTL_ENABLE_DEBUG_INFO = NO;
				MTL_FAST_MATH = YES;
				SDKROOT = iphoneos;
				SWIFT_COMPILATION_MODE = wholemodule;
				SWIFT_OPTIMIZATION_LEVEL = "-O";
				VALIDATE_PRODUCT = YES;
			};
			name = Release;
		};
		3FF0AC9E233FD2CE00F43F66 /* Debug */ = {
			isa = XCBuildConfiguration;
			baseConfigurationReference = 3882572DD2E07496EFEA763C /* Pods-FlyOver.debug.xcconfig */;
			buildSettings = {
				ASSETCATALOG_COMPILER_APPICON_NAME = AppIcon;
				CODE_SIGN_STYLE = Automatic;
				DEVELOPMENT_TEAM = JU47A894QP;
				INFOPLIST_FILE = FlyOver/Info.plist;
				LD_RUNPATH_SEARCH_PATHS = (
					"$(inherited)",
					"@executable_path/Frameworks",
				);
				PRODUCT_BUNDLE_IDENTIFIER = Fontys.FlyOver;
				PRODUCT_NAME = "$(TARGET_NAME)";
				SWIFT_VERSION = 5.0;
				TARGETED_DEVICE_FAMILY = "1,2";
			};
			name = Debug;
		};
		3FF0AC9F233FD2CE00F43F66 /* Release */ = {
			isa = XCBuildConfiguration;
			baseConfigurationReference = 2A70C77EEA788C3ADF0F6EB4 /* Pods-FlyOver.release.xcconfig */;
			buildSettings = {
				ASSETCATALOG_COMPILER_APPICON_NAME = AppIcon;
				CODE_SIGN_STYLE = Automatic;
				DEVELOPMENT_TEAM = JU47A894QP;
				INFOPLIST_FILE = FlyOver/Info.plist;
				LD_RUNPATH_SEARCH_PATHS = (
					"$(inherited)",
					"@executable_path/Frameworks",
				);
				PRODUCT_BUNDLE_IDENTIFIER = Fontys.FlyOver;
				PRODUCT_NAME = "$(TARGET_NAME)";
				SWIFT_VERSION = 5.0;
				TARGETED_DEVICE_FAMILY = "1,2";
			};
			name = Release;
		};
/* End XCBuildConfiguration section */

/* Begin XCConfigurationList section */
		3FF0AC84233FD2CD00F43F66 /* Build configuration list for PBXProject "FlyOver" */ = {
			isa = XCConfigurationList;
			buildConfigurations = (
				3FF0AC9B233FD2CE00F43F66 /* Debug */,
				3FF0AC9C233FD2CE00F43F66 /* Release */,
			);
			defaultConfigurationIsVisible = 0;
			defaultConfigurationName = Release;
		};
		3FF0AC9D233FD2CE00F43F66 /* Build configuration list for PBXNativeTarget "FlyOver" */ = {
			isa = XCConfigurationList;
			buildConfigurations = (
				3FF0AC9E233FD2CE00F43F66 /* Debug */,
				3FF0AC9F233FD2CE00F43F66 /* Release */,
			);
			defaultConfigurationIsVisible = 0;
			defaultConfigurationName = Release;
		};
/* End XCConfigurationList section */
	};
	rootObject = 3FF0AC81233FD2CD00F43F66 /* Project object */;
}
